
Microsoft Visual Studio Solution File, Format Version 12.00
# Visual Studio Express 2012 for Web
Project("{FAE04EC0-301F-11D3-BF4B-00C04F79EFBC}") = "ContentDomain", "ContentDomain\ContentDomain.csproj", "{8AA9A06B-68D5-482B-9832-FBF3E9A02075}"
EndProject
Project("{FAE04EC0-301F-11D3-BF4B-00C04F79EFBC}") = "ContentDomain.Test", "ContentDomain.Test\ContentDomain.Test.csproj", "{EF98EC81-A5A0-472F-9976-1A64BB42C9C9}"
EndProject
Project("{2150E333-8FDC-42A3-9474-1A3956D46DE8}") = ".nuget", ".nuget", "{E6FD156C-6699-4920-946F-1644999945DF}"
	ProjectSection(SolutionItems) = preProject
		.nuget\packages.config = .nuget\packages.config
	EndProjectSection
EndProject
Project("{FAE04EC0-301F-11D3-BF4B-00C04F79EFBC}") = "Content_Man.Web", "Content_Man.Web\Content_Man.Web.csproj", "{02DD3A3A-CA13-42D9-96A4-9EC748849804}"
EndProject
Project("{2150E333-8FDC-42A3-9474-1A3956D46DE8}") = "Database", "Database", "{BACD34B6-1875-4D54-AB01-CB9A6B18B651}"
	ProjectSection(SolutionItems) = preProject
		Database\CreateDatabase.sql = Database\CreateDatabase.sql
		Database\SampleData.sql = Database\SampleData.sql
	EndProjectSection
EndProject
Global
	GlobalSection(SolutionConfigurationPlatforms) = preSolution
		Debug|Any CPU = Debug|Any CPU
		Release|Any CPU = Release|Any CPU
	EndGlobalSection
	GlobalSection(ProjectConfigurationPlatforms) = postSolution
		{8AA9A06B-68D5-482B-9832-FBF3E9A02075}.Debug|Any CPU.ActiveCfg = Debug|Any CPU
		{8AA9A06B-68D5-482B-9832-FBF3E9A02075}.Debug|Any CPU.Build.0 = Debug|Any CPU
		{8AA9A06B-68D5-482B-9832-FBF3E9A02075}.Release|Any CPU.ActiveCfg = Release|Any CPU
		{8AA9A06B-68D5-482B-9832-FBF3E9A02075}.Release|Any CPU.Build.0 = Release|Any CPU
		{EF98EC81-A5A0-472F-9976-1A64BB42C9C9}.Debug|Any CPU.ActiveCfg = Debug|Any CPU
		{EF98EC81-A5A0-472F-9976-1A64BB42C9C9}.Debug|Any CPU.Build.0 = Debug|Any CPU
		{EF98EC81-A5A0-472F-9976-1A64BB42C9C9}.Release|Any CPU.ActiveCfg = Release|Any CPU
		{EF98EC81-A5A0-472F-9976-1A64BB42C9C9}.Release|Any CPU.Build.0 = Release|Any CPU
		{02DD3A3A-CA13-42D9-96A4-9EC748849804}.Debug|Any CPU.ActiveCfg = Debug|Any CPU
		{02DD3A3A-CA13-42D9-96A4-9EC748849804}.Debug|Any CPU.Build.0 = Debug|Any CPU
		{02DD3A3A-CA13-42D9-96A4-9EC748849804}.Release|Any CPU.ActiveCfg = Release|Any CPU
		{02DD3A3A-CA13-42D9-96A4-9EC748849804}.Release|Any CPU.Build.0 = Release|Any CPU
	EndGlobalSection
	GlobalSection(SolutionProperties) = preSolution
		HideSolutionNode = FALSE
	EndGlobalSection
EndGlobal
